
Microsoft Visual Studio Solution File, Format Version 12.00
# Visual Studio Version 17
VisualStudioVersion = 17.8.34330.188
MinimumVisualStudioVersion = 10.0.40219.1
Project("{9A19103F-16F7-4668-BE54-9A1E7A4F7556}") = "KubernetesTest", "KubernetesTest\KubernetesTest.csproj", "{B3B51142-4D5C-4836-8AB4-B67B0FCC32CA}"
EndProject
Global
	GlobalSection(SolutionConfigurationPlatforms) = preSolution
		Debug|Any CPU = Debug|Any CPU
		Release|Any CPU = Release|Any CPU
	EndGlobalSection
	GlobalSection(ProjectConfigurationPlatforms) = postSolution
		{B3B51142-4D5C-4836-8AB4-B67B0FCC32CA}.Debug|Any CPU.ActiveCfg = Debug|Any CPU
		{B3B51142-4D5C-4836-8AB4-B67B0FCC32CA}.Debug|Any CPU.Build.0 = Debug|Any CPU
		{B3B51142-4D5C-4836-8AB4-B67B0FCC32CA}.Release|Any CPU.ActiveCfg = Release|Any CPU
		{B3B51142-4D5C-4836-8AB4-B67B0FCC32CA}.Release|Any CPU.Build.0 = Release|Any CPU
	EndGlobalSection
	GlobalSection(SolutionProperties) = preSolution
		HideSolutionNode = FALSE
	EndGlobalSection
	GlobalSection(ExtensibilityGlobals) = postSolution
		SolutionGuid = {C5911CAE-291F-432D-B70A-6BB028EB618C}
	EndGlobalSection
EndGlobal
